<?xml version="1.0" encoding="utf-8"?>
<Project ToolsVersion="17.0" xmlns="http://schemas.microsoft.com/developer/msbuild/2003">
  <ItemGroup>
    <ClCompile Include="C:\temp\zlib\adler32.c">
      <Filter>Source Files</Filter>
    </ClCompile>
    <ClCompile Include="C:\temp\zlib\compress.c">
      <Filter>Source Files</Filter>
    </ClCompile>
    <ClCompile Include="C:\temp\zlib\crc32.c">
      <Filter>Source Files</Filter>
    </ClCompile>
    <ClCompile Include="C:\temp\zlib\deflate.c">
      <Filter>Source Files</Filter>
    </ClCompile>
    <ClCompile Include="C:\temp\zlib\gzclose.c">
      <Filter>Source Files</Filter>
    </ClCompile>
    <ClCompile Include="C:\temp\zlib\gzlib.c">
      <Filter>Source Files</Filter>
    </ClCompile>
    <ClCompile Include="C:\temp\zlib\gzread.c">
      <Filter>Source Files</Filter>
    </ClCompile>
    <ClCompile Include="C:\temp\zlib\gzwrite.c">
      <Filter>Source Files</Filter>
    </ClCompile>
    <ClCompile Include="C:\temp\zlib\inflate.c">
      <Filter>Source Files</Filter>
    </ClCompile>
    <ClCompile Include="C:\temp\zlib\infback.c">
      <Filter>Source Files</Filter>
    </ClCompile>
    <ClCompile Include="C:\temp\zlib\inftrees.c">
      <Filter>Source Files</Filter>
    </ClCompile>
    <ClCompile Include="C:\temp\zlib\inffast.c">
      <Filter>Source Files</Filter>
    </ClCompile>
    <ClCompile Include="C:\temp\zlib\trees.c">
      <Filter>Source Files</Filter>
    </ClCompile>
    <ClCompile Include="C:\temp\zlib\uncompr.c">
      <Filter>Source Files</Filter>
    </ClCompile>
    <ClCompile Include="C:\temp\zlib\zutil.c">
      <Filter>Source Files</Filter>
    </ClCompile>
  </ItemGroup>
  <ItemGroup>
    <ClInclude Include="C:\temp\zlib\zconf.h">
      <Filter>Header Files</Filter>
    </ClInclude>
    <ClInclude Include="C:\temp\zlib\zlib.h">
      <Filter>Header Files</Filter>
    </ClInclude>
    <ClInclude Include="C:\temp\zlib\crc32.h">
      <Filter>Header Files</Filter>
    </ClInclude>
    <ClInclude Include="C:\temp\zlib\deflate.h">
      <Filter>Header Files</Filter>
    </ClInclude>
    <ClInclude Include="C:\temp\zlib\gzguts.h">
      <Filter>Header Files</Filter>
    </ClInclude>
    <ClInclude Include="C:\temp\zlib\inffast.h">
      <Filter>Header Files</Filter>
    </ClInclude>
    <ClInclude Include="C:\temp\zlib\inffixed.h">
      <Filter>Header Files</Filter>
    </ClInclude>
    <ClInclude Include="C:\temp\zlib\inflate.h">
      <Filter>Header Files</Filter>
    </ClInclude>
    <ClInclude Include="C:\temp\zlib\inftrees.h">
      <Filter>Header Files</Filter>
    </ClInclude>
    <ClInclude Include="C:\temp\zlib\trees.h">
      <Filter>Header Files</Filter>
    </ClInclude>
    <ClInclude Include="C:\temp\zlib\zutil.h">
      <Filter>Header Files</Filter>
    </ClInclude>
  </ItemGroup>
  <ItemGroup>
    <CustomBuild Include="C:\temp\zlib\CMakeLists.txt" />
  </ItemGroup>
  <ItemGroup>
    <Filter Include="Header Files">
      <UniqueIdentifier>{42B1E776-DB64-3120-81DC-125A94C24D72}</UniqueIdentifier>
    </Filter>
    <Filter Include="Source Files">
      <UniqueIdentifier>{12460CEA-FA9C-3AF6-B118-0464AD6F417F}</UniqueIdentifier>
    </Filter>
  </ItemGroup>
</Project>
