
Microsoft Visual Studio Solution File, Format Version 12.00
# Visual Studio Version 17
VisualStudioVersion = 17.14.36705.20 d17.14
MinimumVisualStudioVersion = 10.0.40219.1
Project("{8BC9CEB8-8B4A-11D0-8D11-00A0C91BC942}") = "BaseIILoad", "BaseIILoad.vcxproj", "{C3049585-B179-4306-9040-4E885E17B643}"
EndProject
Global
	GlobalSection(SolutionConfigurationPlatforms) = preSolution
		Debug|x64 = Debug|x64
		Debug|x86 = Debug|x86
		Release|x64 = Release|x64
		Release|x86 = Release|x86
	EndGlobalSection
	GlobalSection(ProjectConfigurationPlatforms) = postSolution
		{C3049585-B179-4306-9040-4E885E17B643}.Debug|x64.ActiveCfg = Debug|x64
		{C3049585-B179-4306-9040-4E885E17B643}.Debug|x64.Build.0 = Debug|x64
		{C3049585-B179-4306-9040-4E885E17B643}.Debug|x86.ActiveCfg = Debug|Win32
		{C3049585-B179-4306-9040-4E885E17B643}.Debug|x86.Build.0 = Debug|Win32
		{C3049585-B179-4306-9040-4E885E17B643}.Release|x64.ActiveCfg = Release|x64
		{C3049585-B179-4306-9040-4E885E17B643}.Release|x64.Build.0 = Release|x64
		{C3049585-B179-4306-9040-4E885E17B643}.Release|x86.ActiveCfg = Release|Win32
		{C3049585-B179-4306-9040-4E885E17B643}.Release|x86.Build.0 = Release|Win32
	EndGlobalSection
	GlobalSection(SolutionProperties) = preSolution
		HideSolutionNode = FALSE
	EndGlobalSection
	GlobalSection(ExtensibilityGlobals) = postSolution
		SolutionGuid = {D5B4F61A-4686-46DB-8C95-63F388F1D01B}
	EndGlobalSection
EndGlobal
